
Microsoft Visual Studio Solution File, Format Version 12.00
# Visual Studio Version 16
VisualStudioVersion = 16.0.31321.278
MinimumVisualStudioVersion = 10.0.40219.1
Project("{2150E333-8FDC-42A3-9474-1A3956D46DE8}") = "src", "src", "{2D4C2CC7-3923-4B68-97C7-FF1DA8A4D849}"
EndProject
Project("{2150E333-8FDC-42A3-9474-1A3956D46DE8}") = "tests", "tests", "{A786AB0A-35DD-4E28-AFCC-E093AB5883AE}"
EndProject
Project("{2150E333-8FDC-42A3-9474-1A3956D46DE8}") = "Domain", "Domain", "{181B7B94-CE22-428A-9967-0DBDC71E5F6B}"
EndProject
Project("{2150E333-8FDC-42A3-9474-1A3956D46DE8}") = "Application", "Application", "{8DA0D008-9C4D-414A-A8A6-27C6C31CC93F}"
EndProject
Project("{2150E333-8FDC-42A3-9474-1A3956D46DE8}") = "Data", "Data", "{EFA4D132-4E49-44AD-8BA4-B465620AD202}"
EndProject
Project("{2150E333-8FDC-42A3-9474-1A3956D46DE8}") = "Domain", "Domain", "{A1FBE0E2-A139-42CF-8B64-2C527A5D9052}"
EndProject
Project("{2150E333-8FDC-42A3-9474-1A3956D46DE8}") = "Data", "Data", "{90182F53-48EC-4202-A120-F635E1FD69E4}"
EndProject
Project("{2150E333-8FDC-42A3-9474-1A3956D46DE8}") = "Application", "Application", "{F981E4A1-97A1-446B-BF85-A58460341358}"
EndProject
Project("{9A19103F-16F7-4668-BE54-9A1E7A4F7556}") = "Nibo.ConciliatorOFX.ApplicationTests", "tests\application\Nibo.ConciliatorOFX.ApplicationTests\Nibo.ConciliatorOFX.ApplicationTests.csproj", "{194CB91D-03AF-43CC-88D7-78D5F8AF1492}"
EndProject
Project("{9A19103F-16F7-4668-BE54-9A1E7A4F7556}") = "Nibo.ConciliatorOFX.DomainTests", "tests\domain\Nibo.ConciliatorOFX.DomainTests\Nibo.ConciliatorOFX.DomainTests.csproj", "{5E9B23DA-E4D9-475D-973A-96AD91776C88}"
EndProject
Project("{9A19103F-16F7-4668-BE54-9A1E7A4F7556}") = "Nibo.ConciliatorOFX.Application.API", "src\application\Nibo.ConciliatorOFX.Application.API\Nibo.ConciliatorOFX.Application.API.csproj", "{8224FE05-5534-4C13-9717-A7BF9D127A49}"
EndProject
Project("{9A19103F-16F7-4668-BE54-9A1E7A4F7556}") = "Nibo.ConciliatorOFX.Domain", "src\domain\Nibo.ConciliatorOFX.Domain\Nibo.ConciliatorOFX.Domain.csproj", "{5885630A-8D90-4BDC-9AF3-19ADAFA2AB61}"
EndProject
Project("{FAE04EC0-301F-11D3-BF4B-00C04F79EFBC}") = "Nibo.ConciliatorOFX.Data", "src\data\Nibo.ConciliatorOFX.Data\Nibo.ConciliatorOFX.Data.csproj", "{11A23730-2166-4953-8D95-9A96AA8E973D}"
EndProject
Global
	GlobalSection(SolutionConfigurationPlatforms) = preSolution
		Debug|Any CPU = Debug|Any CPU
		Release|Any CPU = Release|Any CPU
	EndGlobalSection
	GlobalSection(ProjectConfigurationPlatforms) = postSolution
		{194CB91D-03AF-43CC-88D7-78D5F8AF1492}.Debug|Any CPU.ActiveCfg = Debug|Any CPU
		{194CB91D-03AF-43CC-88D7-78D5F8AF1492}.Debug|Any CPU.Build.0 = Debug|Any CPU
		{194CB91D-03AF-43CC-88D7-78D5F8AF1492}.Release|Any CPU.ActiveCfg = Release|Any CPU
		{194CB91D-03AF-43CC-88D7-78D5F8AF1492}.Release|Any CPU.Build.0 = Release|Any CPU
		{5E9B23DA-E4D9-475D-973A-96AD91776C88}.Debug|Any CPU.ActiveCfg = Debug|Any CPU
		{5E9B23DA-E4D9-475D-973A-96AD91776C88}.Debug|Any CPU.Build.0 = Debug|Any CPU
		{5E9B23DA-E4D9-475D-973A-96AD91776C88}.Release|Any CPU.ActiveCfg = Release|Any CPU
		{5E9B23DA-E4D9-475D-973A-96AD91776C88}.Release|Any CPU.Build.0 = Release|Any CPU
		{8224FE05-5534-4C13-9717-A7BF9D127A49}.Debug|Any CPU.ActiveCfg = Debug|Any CPU
		{8224FE05-5534-4C13-9717-A7BF9D127A49}.Debug|Any CPU.Build.0 = Debug|Any CPU
		{8224FE05-5534-4C13-9717-A7BF9D127A49}.Release|Any CPU.ActiveCfg = Release|Any CPU
		{8224FE05-5534-4C13-9717-A7BF9D127A49}.Release|Any CPU.Build.0 = Release|Any CPU
		{5885630A-8D90-4BDC-9AF3-19ADAFA2AB61}.Debug|Any CPU.ActiveCfg = Debug|Any CPU
		{5885630A-8D90-4BDC-9AF3-19ADAFA2AB61}.Debug|Any CPU.Build.0 = Debug|Any CPU
		{5885630A-8D90-4BDC-9AF3-19ADAFA2AB61}.Release|Any CPU.ActiveCfg = Release|Any CPU
		{5885630A-8D90-4BDC-9AF3-19ADAFA2AB61}.Release|Any CPU.Build.0 = Release|Any CPU
		{11A23730-2166-4953-8D95-9A96AA8E973D}.Debug|Any CPU.ActiveCfg = Debug|Any CPU
		{11A23730-2166-4953-8D95-9A96AA8E973D}.Debug|Any CPU.Build.0 = Debug|Any CPU
		{11A23730-2166-4953-8D95-9A96AA8E973D}.Release|Any CPU.ActiveCfg = Release|Any CPU
		{11A23730-2166-4953-8D95-9A96AA8E973D}.Release|Any CPU.Build.0 = Release|Any CPU
	EndGlobalSection
	GlobalSection(SolutionProperties) = preSolution
		HideSolutionNode = FALSE
	EndGlobalSection
	GlobalSection(NestedProjects) = preSolution
		{181B7B94-CE22-428A-9967-0DBDC71E5F6B} = {2D4C2CC7-3923-4B68-97C7-FF1DA8A4D849}
		{8DA0D008-9C4D-414A-A8A6-27C6C31CC93F} = {2D4C2CC7-3923-4B68-97C7-FF1DA8A4D849}
		{EFA4D132-4E49-44AD-8BA4-B465620AD202} = {2D4C2CC7-3923-4B68-97C7-FF1DA8A4D849}
		{A1FBE0E2-A139-42CF-8B64-2C527A5D9052} = {A786AB0A-35DD-4E28-AFCC-E093AB5883AE}
		{90182F53-48EC-4202-A120-F635E1FD69E4} = {A786AB0A-35DD-4E28-AFCC-E093AB5883AE}
		{F981E4A1-97A1-446B-BF85-A58460341358} = {A786AB0A-35DD-4E28-AFCC-E093AB5883AE}
		{194CB91D-03AF-43CC-88D7-78D5F8AF1492} = {F981E4A1-97A1-446B-BF85-A58460341358}
		{5E9B23DA-E4D9-475D-973A-96AD91776C88} = {A1FBE0E2-A139-42CF-8B64-2C527A5D9052}
		{8224FE05-5534-4C13-9717-A7BF9D127A49} = {8DA0D008-9C4D-414A-A8A6-27C6C31CC93F}
		{5885630A-8D90-4BDC-9AF3-19ADAFA2AB61} = {181B7B94-CE22-428A-9967-0DBDC71E5F6B}
		{11A23730-2166-4953-8D95-9A96AA8E973D} = {EFA4D132-4E49-44AD-8BA4-B465620AD202}
	EndGlobalSection
	GlobalSection(ExtensibilityGlobals) = postSolution
		SolutionGuid = {A88C3AF1-ABD0-4DD9-A1E7-E88BA5D14D7A}
	EndGlobalSection
EndGlobal
